
Microsoft Visual Studio Solution File, Format Version 12.00
# Visual Studio 15
VisualStudioVersion = 15.0.26403.7
MinimumVisualStudioVersion = 10.0.40219.1
Project("{FAE04EC0-301F-11D3-BF4B-00C04F79EFBC}") = "Polska", "Polska\Polska.csproj", "{FE6064E9-9571-4CC2-8ACF-27E7F9938FEB}"
EndProject
Global
	GlobalSection(SolutionConfigurationPlatforms) = preSolution
		Debug|Any CPU = Debug|Any CPU
		Release|Any CPU = Release|Any CPU
	EndGlobalSection
	GlobalSection(ProjectConfigurationPlatforms) = postSolution
		{FE6064E9-9571-4CC2-8ACF-27E7F9938FEB}.Debug|Any CPU.ActiveCfg = Debug|Any CPU
		{FE6064E9-9571-4CC2-8ACF-27E7F9938FEB}.Debug|Any CPU.Build.0 = Debug|Any CPU
		{FE6064E9-9571-4CC2-8ACF-27E7F9938FEB}.Release|Any CPU.ActiveCfg = Release|Any CPU
		{FE6064E9-9571-4CC2-8ACF-27E7F9938FEB}.Release|Any CPU.Build.0 = Release|Any CPU
	EndGlobalSection
	GlobalSection(SolutionProperties) = preSolution
		HideSolutionNode = FALSE
	EndGlobalSection
EndGlobal
